{
  "name": "https-miro.com-app-board-uxjvnrerjoo-share_link_id-500285338808",
  "version": "1.0.0",
  "lockfileVersion": 3,
  "requires": true,
  "packages": {
    "": {
      "name": "https-miro.com-app-board-uxjvnrerjoo-share_link_id-500285338808",
      "version": "1.0.0",
      "license": "ISC"
    }
  }
}
